// !$*UTF8*$!
{
	archiveVersion = 1;
	classes = {
	};
	objectVersion = 77;
	objects = {

/* Begin PBXBuildFile section */
		2311271BDA098E5F751D63FA /* GlazeTheme.swift in Sources */ = {isa = PBXBuildFile; fileRef = C10E0DBD208C545DC8569ABF /* GlazeTheme.swift */; };
		40F2E8D17491998B9825B66C /* GlazeApp.swift in Sources */ = {isa = PBXBuildFile; fileRef = FC8D8EFFCF511B46E715F785 /* GlazeApp.swift */; };
		500C931EEFDCE1D197F3F701 /* BreakScheduler.swift in Sources */ = {isa = PBXBuildFile; fileRef = 6411319A87C5960EB65D4EC7 /* BreakScheduler.swift */; };
		5F0EA6BDB3B7E639CF6368F7 /* MenuBarView.swift in Sources */ = {isa = PBXBuildFile; fileRef = 51654ED6D3389AAAA3E4CE8F /* MenuBarView.swift */; };
		94921C14ABC552DD08DFF524 /* BreakSchedulerTests.swift in Sources */ = {isa = PBXBuildFile; fileRef = 6E4DD78FF97D8B4D92B5AF77 /* BreakSchedulerTests.swift */; };
		B40F9A5E946AD05C4441D5BA /* GlazeController.swift in Sources */ = {isa = PBXBuildFile; fileRef = 95B1EE1AC99067778711CA79 /* GlazeController.swift */; };
		CF723BA4182C776D25430FDA /* BreakOverlayManager.swift in Sources */ = {isa = PBXBuildFile; fileRef = 1520DC1EBFEDF79307741859 /* BreakOverlayManager.swift */; };
/* End PBXBuildFile section */

/* Begin PBXContainerItemProxy section */
		22AF8A1B4BFFED7F004F8794 /* PBXContainerItemProxy */ = {
			isa = PBXContainerItemProxy;
			containerPortal = D20B88A01DDC559909FB7743 /* Project object */;
			proxyType = 1;
			remoteGlobalIDString = 24D57E43B2BFAB841BA437D6;
			remoteInfo = Glaze;
		};
/* End PBXContainerItemProxy section */

/* Begin PBXFileReference section */
		1520DC1EBFEDF79307741859 /* BreakOverlayManager.swift */ = {isa = PBXFileReference; lastKnownFileType = sourcecode.swift; path = BreakOverlayManager.swift; sourceTree = "<group>"; };
		4B35A626C5BE178A04148323 /* Info.plist */ = {isa = PBXFileReference; lastKnownFileType = text.plist; path = Info.plist; sourceTree = "<group>"; };
		51654ED6D3389AAAA3E4CE8F /* MenuBarView.swift */ = {isa = PBXFileReference; lastKnownFileType = sourcecode.swift; path = MenuBarView.swift; sourceTree = "<group>"; };
		6411319A87C5960EB65D4EC7 /* BreakScheduler.swift */ = {isa = PBXFileReference; lastKnownFileType = sourcecode.swift; path = BreakScheduler.swift; sourceTree = "<group>"; };
		6E4DD78FF97D8B4D92B5AF77 /* BreakSchedulerTests.swift */ = {isa = PBXFileReference; lastKnownFileType = sourcecode.swift; path = BreakSchedulerTests.swift; sourceTree = "<group>"; };
		95B1EE1AC99067778711CA79 /* GlazeController.swift */ = {isa = PBXFileReference; lastKnownFileType = sourcecode.swift; path = GlazeController.swift; sourceTree = "<group>"; };
		A00099FE48EC26A99E84BACC /* GlazeTests.xctest */ = {isa = PBXFileReference; explicitFileType = wrapper.cfbundle; includeInIndex = 0; path = GlazeTests.xctest; sourceTree = BUILT_PRODUCTS_DIR; };
		C10E0DBD208C545DC8569ABF /* GlazeTheme.swift */ = {isa = PBXFileReference; lastKnownFileType = sourcecode.swift; path = GlazeTheme.swift; sourceTree = "<group>"; };
		C8EA4569B7EAC2AEF1A02440 /* Glaze.app */ = {isa = PBXFileReference; explicitFileType = wrapper.application; includeInIndex = 0; path = Glaze.app; sourceTree = BUILT_PRODUCTS_DIR; };
		FC8D8EFFCF511B46E715F785 /* GlazeApp.swift */ = {isa = PBXFileReference; lastKnownFileType = sourcecode.swift; path = GlazeApp.swift; sourceTree = "<group>"; };
/* End PBXFileReference section */

/* Begin PBXGroup section */
		11F845D83FA3B9A77707900C = {
			isa = PBXGroup;
			children = (
				7E0FC2B69A9E9E47009569A0 /* Glaze */,
				8500D9FE8D5C775BEDD9F297 /* GlazeTests */,
				790EDDBD6C1EB697073C0A3E /* Products */,
			);
			sourceTree = "<group>";
		};
		790EDDBD6C1EB697073C0A3E /* Products */ = {
			isa = PBXGroup;
			children = (
				C8EA4569B7EAC2AEF1A02440 /* Glaze.app */,
				A00099FE48EC26A99E84BACC /* GlazeTests.xctest */,
			);
			name = Products;
			sourceTree = "<group>";
		};
		7E0FC2B69A9E9E47009569A0 /* Glaze */ = {
			isa = PBXGroup;
			children = (
				1520DC1EBFEDF79307741859 /* BreakOverlayManager.swift */,
				6411319A87C5960EB65D4EC7 /* BreakScheduler.swift */,
				FC8D8EFFCF511B46E715F785 /* GlazeApp.swift */,
				95B1EE1AC99067778711CA79 /* GlazeController.swift */,
				C10E0DBD208C545DC8569ABF /* GlazeTheme.swift */,
				51654ED6D3389AAAA3E4CE8F /* MenuBarView.swift */,
				AEF810FF28C82D871B2380B8 /* Resources */,
			);
			path = Glaze;
			sourceTree = "<group>";
		};
		8500D9FE8D5C775BEDD9F297 /* GlazeTests */ = {
			isa = PBXGroup;
			children = (
				6E4DD78FF97D8B4D92B5AF77 /* BreakSchedulerTests.swift */,
			);
			path = GlazeTests;
			sourceTree = "<group>";
		};
		AEF810FF28C82D871B2380B8 /* Resources */ = {
			isa = PBXGroup;
			children = (
				4B35A626C5BE178A04148323 /* Info.plist */,
			);
			path = Resources;
			sourceTree = "<group>";
		};
/* End PBXGroup section */

/* Begin PBXNativeTarget section */
		24D57E43B2BFAB841BA437D6 /* Glaze */ = {
			isa = PBXNativeTarget;
			buildConfigurationList = 921AA7621049B45C5CF39454 /* Build configuration list for PBXNativeTarget "Glaze" */;
			buildPhases = (
				55E9F147271770989E508511 /* Sources */,
			);
			buildRules = (
			);
			dependencies = (
			);
			name = Glaze;
			packageProductDependencies = (
			);
			productName = Glaze;
			productReference = C8EA4569B7EAC2AEF1A02440 /* Glaze.app */;
			productType = "com.apple.product-type.application";
		};
		FF4A675B9C3EB9E049306E5E /* GlazeTests */ = {
			isa = PBXNativeTarget;
			buildConfigurationList = 6D72FC026E89B652CB757CD9 /* Build configuration list for PBXNativeTarget "GlazeTests" */;
			buildPhases = (
				EB1CCC73B69E95ACF8BB5AEB /* Sources */,
			);
			buildRules = (
			);
			dependencies = (
				8DDC247D659CEA0F006A9EF6 /* PBXTargetDependency */,
			);
			name = GlazeTests;
			packageProductDependencies = (
			);
			productName = GlazeTests;
			productReference = A00099FE48EC26A99E84BACC /* GlazeTests.xctest */;
			productType = "com.apple.product-type.bundle.unit-test";
		};
/* End PBXNativeTarget section */

/* Begin PBXProject section */
		D20B88A01DDC559909FB7743 /* Project object */ = {
			isa = PBXProject;
			attributes = {
				BuildIndependentTargetsInParallel = YES;
				LastUpgradeCheck = 1600;
			};
			buildConfigurationList = 32231B003764A614C5DFE61D /* Build configuration list for PBXProject "Glaze" */;
			compatibilityVersion = "Xcode 14.0";
			developmentRegion = en;
			hasScannedForEncodings = 0;
			knownRegions = (
				Base,
				en,
			);
			mainGroup = 11F845D83FA3B9A77707900C;
			minimizedProjectReferenceProxies = 1;
			preferredProjectObjectVersion = 77;
			projectDirPath = "";
			projectRoot = "";
			targets = (
				24D57E43B2BFAB841BA437D6 /* Glaze */,
				FF4A675B9C3EB9E049306E5E /* GlazeTests */,
			);
		};
/* End PBXProject section */

/* Begin PBXSourcesBuildPhase section */
		55E9F147271770989E508511 /* Sources */ = {
			isa = PBXSourcesBuildPhase;
			buildActionMask = 2147483647;
			files = (
				CF723BA4182C776D25430FDA /* BreakOverlayManager.swift in Sources */,
				500C931EEFDCE1D197F3F701 /* BreakScheduler.swift in Sources */,
				40F2E8D17491998B9825B66C /* GlazeApp.swift in Sources */,
				B40F9A5E946AD05C4441D5BA /* GlazeController.swift in Sources */,
				2311271BDA098E5F751D63FA /* GlazeTheme.swift in Sources */,
				5F0EA6BDB3B7E639CF6368F7 /* MenuBarView.swift in Sources */,
			);
			runOnlyForDeploymentPostprocessing = 0;
		};
		EB1CCC73B69E95ACF8BB5AEB /* Sources */ = {
			isa = PBXSourcesBuildPhase;
			buildActionMask = 2147483647;
			files = (
				94921C14ABC552DD08DFF524 /* BreakSchedulerTests.swift in Sources */,
			);
			runOnlyForDeploymentPostprocessing = 0;
		};
/* End PBXSourcesBuildPhase section */

/* Begin PBXTargetDependency section */
		8DDC247D659CEA0F006A9EF6 /* PBXTargetDependency */ = {
			isa = PBXTargetDependency;
			target = 24D57E43B2BFAB841BA437D6 /* Glaze */;
			targetProxy = 22AF8A1B4BFFED7F004F8794 /* PBXContainerItemProxy */;
		};
/* End PBXTargetDependency section */

/* Begin XCBuildConfiguration section */
		0D10885938231BBDE53D5AED /* Debug */ = {
			isa = XCBuildConfiguration;
			buildSettings = {
				BUNDLE_LOADER = "$(TEST_HOST)";
				COMBINE_HIDPI_IMAGES = YES;
				GENERATE_INFOPLIST_FILE = YES;
				LD_RUNPATH_SEARCH_PATHS = (
					"$(inherited)",
					"@executable_path/../Frameworks",
					"@loader_path/../Frameworks",
				);
				MACOSX_DEPLOYMENT_TARGET = 15.0;
				PRODUCT_BUNDLE_IDENTIFIER = com.fran.GlazeTests;
				SDKROOT = macosx;
				SWIFT_VERSION = 6.0;
				TEST_HOST = "$(BUILT_PRODUCTS_DIR)/Glaze.app/Contents/MacOS/Glaze";
			};
			name = Debug;
		};
		2A45EC4D3513E8EFC16EE0E5 /* Release */ = {
			isa = XCBuildConfiguration;
			buildSettings = {
				ALWAYS_SEARCH_USER_PATHS = NO;
				CLANG_ANALYZER_NONNULL = YES;
				CLANG_ANALYZER_NUMBER_OBJECT_CONVERSION = YES_AGGRESSIVE;
				CLANG_CXX_LANGUAGE_STANDARD = "gnu++14";
				CLANG_CXX_LIBRARY = "libc++";
				CLANG_ENABLE_MODULES = YES;
				CLANG_ENABLE_OBJC_ARC = YES;
				CLANG_ENABLE_OBJC_WEAK = YES;
				CLANG_WARN_BLOCK_CAPTURE_AUTORELEASING = YES;
				CLANG_WARN_BOOL_CONVERSION = YES;
				CLANG_WARN_COMMA = YES;
				CLANG_WARN_CONSTANT_CONVERSION = YES;
				CLANG_WARN_DEPRECATED_OBJC_IMPLEMENTATIONS = YES;
				CLANG_WARN_DIRECT_OBJC_ISA_USAGE = YES_ERROR;
				CLANG_WARN_DOCUMENTATION_COMMENTS = YES;
				CLANG_WARN_EMPTY_BODY = YES;
				CLANG_WARN_ENUM_CONVERSION = YES;
				CLANG_WARN_INFINITE_RECURSION = YES;
				CLANG_WARN_INT_CONVERSION = YES;
				CLANG_WARN_NON_LITERAL_NULL_CONVERSION = YES;
				CLANG_WARN_OBJC_IMPLICIT_RETAIN_SELF = YES;
				CLANG_WARN_OBJC_LITERAL_CONVERSION = YES;
				CLANG_WARN_OBJC_ROOT_CLASS = YES_ERROR;
				CLANG_WARN_QUOTED_INCLUDE_IN_FRAMEWORK_HEADER = YES;
				CLANG_WARN_RANGE_LOOP_ANALYSIS = YES;
				CLANG_WARN_STRICT_PROTOTYPES = YES;
				CLANG_WARN_SUSPICIOUS_MOVE = YES;
				CLANG_WARN_UNGUARDED_AVAILABILITY = YES_AGGRESSIVE;
				CLANG_WARN_UNREACHABLE_CODE = YES;
				CLANG_WARN__DUPLICATE_METHOD_MATCH = YES;
				COPY_PHASE_STRIP = NO;
				DEBUG_INFORMATION_FORMAT = "dwarf-with-dsym";
				ENABLE_NS_ASSERTIONS = NO;
				ENABLE_STRICT_OBJC_MSGSEND = YES;
				GCC_C_LANGUAGE_STANDARD = gnu11;
				GCC_NO_COMMON_BLOCKS = YES;
				GCC_WARN_64_TO_32_BIT_CONVERSION = YES;
				GCC_WARN_ABOUT_RETURN_TYPE = YES_ERROR;
				GCC_WARN_UNDECLARED_SELECTOR = YES;
				GCC_WARN_UNINITIALIZED_AUTOS = YES_AGGRESSIVE;
				GCC_WARN_UNUSED_FUNCTION = YES;
				GCC_WARN_UNUSED_VARIABLE = YES;
				MACOSX_DEPLOYMENT_TARGET = 15.0;
				MTL_ENABLE_DEBUG_INFO = NO;
				MTL_FAST_MATH = YES;
				PRODUCT_NAME = "$(TARGET_NAME)";
				SDKROOT = macosx;
				SWIFT_COMPILATION_MODE = wholemodule;
				SWIFT_OPTIMIZATION_LEVEL = "-O";
				SWIFT_VERSION = 5.0;
			};
			name = Release;
		};
		81599436C071A3BC8F2071D9 /* Release */ = {
			isa = XCBuildConfiguration;
			buildSettings = {
				BUNDLE_LOADER = "$(TEST_HOST)";
				COMBINE_HIDPI_IMAGES = YES;
				GENERATE_INFOPLIST_FILE = YES;
				LD_RUNPATH_SEARCH_PATHS = (
					"$(inherited)",
					"@executable_path/../Frameworks",
					"@loader_path/../Frameworks",
				);
				MACOSX_DEPLOYMENT_TARGET = 15.0;
				PRODUCT_BUNDLE_IDENTIFIER = com.fran.GlazeTests;
				SDKROOT = macosx;
				SWIFT_VERSION = 6.0;
				TEST_HOST = "$(BUILT_PRODUCTS_DIR)/Glaze.app/Contents/MacOS/Glaze";
			};
			name = Release;
		};
		AA05A52954440B2B6D9DDEE7 /* Debug */ = {
			isa = XCBuildConfiguration;
			buildSettings = {
				ALWAYS_SEARCH_USER_PATHS = NO;
				CLANG_ANALYZER_NONNULL = YES;
				CLANG_ANALYZER_NUMBER_OBJECT_CONVERSION = YES_AGGRESSIVE;
				CLANG_CXX_LANGUAGE_STANDARD = "gnu++14";
				CLANG_CXX_LIBRARY = "libc++";
				CLANG_ENABLE_MODULES = YES;
				CLANG_ENABLE_OBJC_ARC = YES;
				CLANG_ENABLE_OBJC_WEAK = YES;
				CLANG_WARN_BLOCK_CAPTURE_AUTORELEASING = YES;
				CLANG_WARN_BOOL_CONVERSION = YES;
				CLANG_WARN_COMMA = YES;
				CLANG_WARN_CONSTANT_CONVERSION = YES;
				CLANG_WARN_DEPRECATED_OBJC_IMPLEMENTATIONS = YES;
				CLANG_WARN_DIRECT_OBJC_ISA_USAGE = YES_ERROR;
				CLANG_WARN_DOCUMENTATION_COMMENTS = YES;
				CLANG_WARN_EMPTY_BODY = YES;
				CLANG_WARN_ENUM_CONVERSION = YES;
				CLANG_WARN_INFINITE_RECURSION = YES;
				CLANG_WARN_INT_CONVERSION = YES;
				CLANG_WARN_NON_LITERAL_NULL_CONVERSION = YES;
				CLANG_WARN_OBJC_IMPLICIT_RETAIN_SELF = YES;
				CLANG_WARN_OBJC_LITERAL_CONVERSION = YES;
				CLANG_WARN_OBJC_ROOT_CLASS = YES_ERROR;
				CLANG_WARN_QUOTED_INCLUDE_IN_FRAMEWORK_HEADER = YES;
				CLANG_WARN_RANGE_LOOP_ANALYSIS = YES;
				CLANG_WARN_STRICT_PROTOTYPES = YES;
				CLANG_WARN_SUSPICIOUS_MOVE = YES;
				CLANG_WARN_UNGUARDED_AVAILABILITY = YES_AGGRESSIVE;
				CLANG_WARN_UNREACHABLE_CODE = YES;
				CLANG_WARN__DUPLICATE_METHOD_MATCH = YES;
				COPY_PHASE_STRIP = NO;
				DEBUG_INFORMATION_FORMAT = dwarf;
				ENABLE_STRICT_OBJC_MSGSEND = YES;
				ENABLE_TESTABILITY = YES;
				GCC_C_LANGUAGE_STANDARD = gnu11;
				GCC_DYNAMIC_NO_PIC = NO;
				GCC_NO_COMMON_BLOCKS = YES;
				GCC_OPTIMIZATION_LEVEL = 0;
				GCC_PREPROCESSOR_DEFINITIONS = (
					"$(inherited)",
					"DEBUG=1",
				);
				GCC_WARN_64_TO_32_BIT_CONVERSION = YES;
				GCC_WARN_ABOUT_RETURN_TYPE = YES_ERROR;
				GCC_WARN_UNDECLARED_SELECTOR = YES;
				GCC_WARN_UNINITIALIZED_AUTOS = YES_AGGRESSIVE;
				GCC_WARN_UNUSED_FUNCTION = YES;
				GCC_WARN_UNUSED_VARIABLE = YES;
				MACOSX_DEPLOYMENT_TARGET = 15.0;
				MTL_ENABLE_DEBUG_INFO = INCLUDE_SOURCE;
				MTL_FAST_MATH = YES;
				ONLY_ACTIVE_ARCH = YES;
				PRODUCT_NAME = "$(TARGET_NAME)";
				SDKROOT = macosx;
				SWIFT_ACTIVE_COMPILATION_CONDITIONS = DEBUG;
				SWIFT_OPTIMIZATION_LEVEL = "-Onone";
				SWIFT_VERSION = 5.0;
			};
			name = Debug;
		};
		D3F8F11DBA532E8A8982E5DE /* Release */ = {
			isa = XCBuildConfiguration;
			buildSettings = {
				ASSETCATALOG_COMPILER_APPICON_NAME = AppIcon;
				CODE_SIGN_IDENTITY = "-";
				COMBINE_HIDPI_IMAGES = YES;
				CURRENT_PROJECT_VERSION = 1;
				GENERATE_INFOPLIST_FILE = NO;
				INFOPLIST_FILE = Glaze/Resources/Info.plist;
				LD_RUNPATH_SEARCH_PATHS = (
					"$(inherited)",
					"@executable_path/../Frameworks",
				);
				MACOSX_DEPLOYMENT_TARGET = 15.0;
				MARKETING_VERSION = 0.1.0;
				PRODUCT_BUNDLE_IDENTIFIER = com.fran.glaze;
				PRODUCT_NAME = Glaze;
				SDKROOT = macosx;
				SWIFT_VERSION = 6.0;
			};
			name = Release;
		};
		FA0C650CA17CAD7183A7DA8A /* Debug */ = {
			isa = XCBuildConfiguration;
			buildSettings = {
				ASSETCATALOG_COMPILER_APPICON_NAME = AppIcon;
				CODE_SIGN_IDENTITY = "-";
				COMBINE_HIDPI_IMAGES = YES;
				CURRENT_PROJECT_VERSION = 1;
				GENERATE_INFOPLIST_FILE = NO;
				INFOPLIST_FILE = Glaze/Resources/Info.plist;
				LD_RUNPATH_SEARCH_PATHS = (
					"$(inherited)",
					"@executable_path/../Frameworks",
				);
				MACOSX_DEPLOYMENT_TARGET = 15.0;
				MARKETING_VERSION = 0.1.0;
				PRODUCT_BUNDLE_IDENTIFIER = com.fran.glaze;
				PRODUCT_NAME = Glaze;
				SDKROOT = macosx;
				SWIFT_VERSION = 6.0;
			};
			name = Debug;
		};
/* End XCBuildConfiguration section */

/* Begin XCConfigurationList section */
		32231B003764A614C5DFE61D /* Build configuration list for PBXProject "Glaze" */ = {
			isa = XCConfigurationList;
			buildConfigurations = (
				AA05A52954440B2B6D9DDEE7 /* Debug */,
				2A45EC4D3513E8EFC16EE0E5 /* Release */,
			);
			defaultConfigurationIsVisible = 0;
			defaultConfigurationName = Debug;
		};
		6D72FC026E89B652CB757CD9 /* Build configuration list for PBXNativeTarget "GlazeTests" */ = {
			isa = XCConfigurationList;
			buildConfigurations = (
				0D10885938231BBDE53D5AED /* Debug */,
				81599436C071A3BC8F2071D9 /* Release */,
			);
			defaultConfigurationIsVisible = 0;
			defaultConfigurationName = Debug;
		};
		921AA7621049B45C5CF39454 /* Build configuration list for PBXNativeTarget "Glaze" */ = {
			isa = XCConfigurationList;
			buildConfigurations = (
				FA0C650CA17CAD7183A7DA8A /* Debug */,
				D3F8F11DBA532E8A8982E5DE /* Release */,
			);
			defaultConfigurationIsVisible = 0;
			defaultConfigurationName = Debug;
		};
/* End XCConfigurationList section */
	};
	rootObject = D20B88A01DDC559909FB7743 /* Project object */;
}
